
Microsoft Visual Studio Solution File, Format Version 12.00
# Visual Studio Version 17
VisualStudioVersion = 17.7.34024.191
MinimumVisualStudioVersion = 10.0.40219.1
Project("{FAE04EC0-301F-11D3-BF4B-00C04F79EFBC}") = "L8", "L8.csproj", "{D8F2CD1C-AC0A-4A04-A54D-A0085CF7B8B7}"
EndProject
Global
	GlobalSection(SolutionConfigurationPlatforms) = preSolution
		Debug|Any CPU = Debug|Any CPU
		Release|Any CPU = Release|Any CPU
	EndGlobalSection
	GlobalSection(ProjectConfigurationPlatforms) = postSolution
		{D8F2CD1C-AC0A-4A04-A54D-A0085CF7B8B7}.Debug|Any CPU.ActiveCfg = Debug|Any CPU
		{D8F2CD1C-AC0A-4A04-A54D-A0085CF7B8B7}.Debug|Any CPU.Build.0 = Debug|Any CPU
		{D8F2CD1C-AC0A-4A04-A54D-A0085CF7B8B7}.Release|Any CPU.ActiveCfg = Release|Any CPU
		{D8F2CD1C-AC0A-4A04-A54D-A0085CF7B8B7}.Release|Any CPU.Build.0 = Release|Any CPU
	EndGlobalSection
	GlobalSection(SolutionProperties) = preSolution
		HideSolutionNode = FALSE
	EndGlobalSection
	GlobalSection(ExtensibilityGlobals) = postSolution
		SolutionGuid = {7B62B2E1-7CFC-401E-9546-E41B7E8D4E14}
	EndGlobalSection
EndGlobal
